
Microsoft Visual Studio Solution File, Format Version 12.00
# Visual Studio Version 16
VisualStudioVersion = 16.0.808.4
MinimumVisualStudioVersion = 10.0.40219.1
Project("{FAE04EC0-301F-11D3-BF4B-00C04F79EFBC}") = "CurrencyExchangeNet5MVC", "CurrencyExchangeNet5MVC\CurrencyExchangeNet5MVC.csproj", "{3ED7FF4C-6C3E-48C6-889D-029CFA4BC521}"
EndProject
Global
	GlobalSection(SolutionConfigurationPlatforms) = preSolution
		Debug|Any CPU = Debug|Any CPU
		Release|Any CPU = Release|Any CPU
	EndGlobalSection
	GlobalSection(ProjectConfigurationPlatforms) = postSolution
		{3ED7FF4C-6C3E-48C6-889D-029CFA4BC521}.Debug|Any CPU.ActiveCfg = Debug|Any CPU
		{3ED7FF4C-6C3E-48C6-889D-029CFA4BC521}.Debug|Any CPU.Build.0 = Debug|Any CPU
		{3ED7FF4C-6C3E-48C6-889D-029CFA4BC521}.Release|Any CPU.ActiveCfg = Release|Any CPU
		{3ED7FF4C-6C3E-48C6-889D-029CFA4BC521}.Release|Any CPU.Build.0 = Release|Any CPU
	EndGlobalSection
	GlobalSection(SolutionProperties) = preSolution
		HideSolutionNode = FALSE
	EndGlobalSection
	GlobalSection(ExtensibilityGlobals) = postSolution
		SolutionGuid = {71D8CF6B-69DF-4A4F-8B8A-322E677642C8}
	EndGlobalSection
EndGlobal
